{
  "name": "toolbox-extension-template",
  "version": "1.0.0",
  "lockfileVersion": 1,
  "requires": true,
  "dependencies": {
    "chioro-toolbox": {
      "version": "gitlab:chioro.io/chioro-toolbox#f9a27b861dd07883fafeba16d2a3bbef235ed693",
      "from": "gitlab:chioro.io/chioro-toolbox"
    }
  }
}
